// !$*UTF8*$!
{
	archiveVersion = 1;
	classes = {
	};
	objectVersion = 50;
	objects = {

/* Begin PBXBuildFile section */
		D772586323591A43003B9466 /* AppDelegate.swift in Sources */ = {isa = PBXBuildFile; fileRef = D772586223591A43003B9466 /* AppDelegate.swift */; };
		D772586523591A43003B9466 /* SceneDelegate.swift in Sources */ = {isa = PBXBuildFile; fileRef = D772586423591A43003B9466 /* SceneDelegate.swift */; };
		D772586723591A43003B9466 /* ViewController.swift in Sources */ = {isa = PBXBuildFile; fileRef = D772586623591A43003B9466 /* ViewController.swift */; };
		D772586A23591A43003B9466 /* Main.storyboard in Resources */ = {isa = PBXBuildFile; fileRef = D772586823591A43003B9466 /* Main.storyboard */; };
		D772586C23591A45003B9466 /* Assets.xcassets in Resources */ = {isa = PBXBuildFile; fileRef = D772586B23591A45003B9466 /* Assets.xcassets */; };
		D772586F23591A45003B9466 /* LaunchScreen.storyboard in Resources */ = {isa = PBXBuildFile; fileRef = D772586D23591A45003B9466 /* LaunchScreen.storyboard */; };
		D772587A23591A45003B9466 /* Challenge3Tests.swift in Sources */ = {isa = PBXBuildFile; fileRef = D772587923591A45003B9466 /* Challenge3Tests.swift */; };
		D772588523591A45003B9466 /* Challenge3UITests.swift in Sources */ = {isa = PBXBuildFile; fileRef = D772588423591A45003B9466 /* Challenge3UITests.swift */; };
		D772589323592C9D003B9466 /* DescriptionViewController.swift in Sources */ = {isa = PBXBuildFile; fileRef = D772589223592C9D003B9466 /* DescriptionViewController.swift */; };
/* End PBXBuildFile section */

/* Begin PBXContainerItemProxy section */
		D772587623591A45003B9466 /* PBXContainerItemProxy */ = {
			isa = PBXContainerItemProxy;
			containerPortal = D772585723591A43003B9466 /* Project object */;
			proxyType = 1;
			remoteGlobalIDString = D772585E23591A43003B9466;
			remoteInfo = Challenge3;
		};
		D772588123591A45003B9466 /* PBXContainerItemProxy */ = {
			isa = PBXContainerItemProxy;
			containerPortal = D772585723591A43003B9466 /* Project object */;
			proxyType = 1;
			remoteGlobalIDString = D772585E23591A43003B9466;
			remoteInfo = Challenge3;
		};
/* End PBXContainerItemProxy section */

/* Begin PBXFileReference section */
		D772585F23591A43003B9466 /* Challenge3.app */ = {isa = PBXFileReference; explicitFileType = wrapper.application; includeInIndex = 0; path = Challenge3.app; sourceTree = BUILT_PRODUCTS_DIR; };
		D772586223591A43003B9466 /* AppDelegate.swift */ = {isa = PBXFileReference; lastKnownFileType = sourcecode.swift; path = AppDelegate.swift; sourceTree = "<group>"; };
		D772586423591A43003B9466 /* SceneDelegate.swift */ = {isa = PBXFileReference; lastKnownFileType = sourcecode.swift; path = SceneDelegate.swift; sourceTree = "<group>"; };
		D772586623591A43003B9466 /* ViewController.swift */ = {isa = PBXFileReference; lastKnownFileType = sourcecode.swift; path = ViewController.swift; sourceTree = "<group>"; };
		D772586923591A43003B9466 /* Base */ = {isa = PBXFileReference; lastKnownFileType = file.storyboard; name = Base; path = Base.lproj/Main.storyboard; sourceTree = "<group>"; };
		D772586B23591A45003B9466 /* Assets.xcassets */ = {isa = PBXFileReference; lastKnownFileType = folder.assetcatalog; path = Assets.xcassets; sourceTree = "<group>"; };
		D772586E23591A45003B9466 /* Base */ = {isa = PBXFileReference; lastKnownFileType = file.storyboard; name = Base; path = Base.lproj/LaunchScreen.storyboard; sourceTree = "<group>"; };
		D772587023591A45003B9466 /* Info.plist */ = {isa = PBXFileReference; lastKnownFileType = text.plist.xml; path = Info.plist; sourceTree = "<group>"; };
		D772587523591A45003B9466 /* Challenge3Tests.xctest */ = {isa = PBXFileReference; explicitFileType = wrapper.cfbundle; includeInIndex = 0; path = Challenge3Tests.xctest; sourceTree = BUILT_PRODUCTS_DIR; };
		D772587923591A45003B9466 /* Challenge3Tests.swift */ = {isa = PBXFileReference; lastKnownFileType = sourcecode.swift; path = Challenge3Tests.swift; sourceTree = "<group>"; };
		D772587B23591A45003B9466 /* Info.plist */ = {isa = PBXFileReference; lastKnownFileType = text.plist.xml; path = Info.plist; sourceTree = "<group>"; };
		D772588023591A45003B9466 /* Challenge3UITests.xctest */ = {isa = PBXFileReference; explicitFileType = wrapper.cfbundle; includeInIndex = 0; path = Challenge3UITests.xctest; sourceTree = BUILT_PRODUCTS_DIR; };
		D772588423591A45003B9466 /* Challenge3UITests.swift */ = {isa = PBXFileReference; lastKnownFileType = sourcecode.swift; path = Challenge3UITests.swift; sourceTree = "<group>"; };
		D772588623591A45003B9466 /* Info.plist */ = {isa = PBXFileReference; lastKnownFileType = text.plist.xml; path = Info.plist; sourceTree = "<group>"; };
		D772589223592C9D003B9466 /* DescriptionViewController.swift */ = {isa = PBXFileReference; lastKnownFileType = sourcecode.swift; path = DescriptionViewController.swift; sourceTree = "<group>"; };
/* End PBXFileReference section */

/* Begin PBXFrameworksBuildPhase section */
		D772585C23591A43003B9466 /* Frameworks */ = {
			isa = PBXFrameworksBuildPhase;
			buildActionMask = 2147483647;
			files = (
			);
			runOnlyForDeploymentPostprocessing = 0;
		};
		D772587223591A45003B9466 /* Frameworks */ = {
			isa = PBXFrameworksBuildPhase;
			buildActionMask = 2147483647;
			files = (
			);
			runOnlyForDeploymentPostprocessing = 0;
		};
		D772587D23591A45003B9466 /* Frameworks */ = {
			isa = PBXFrameworksBuildPhase;
			buildActionMask = 2147483647;
			files = (
			);
			runOnlyForDeploymentPostprocessing = 0;
		};
/* End PBXFrameworksBuildPhase section */

/* Begin PBXGroup section */
		D772585623591A43003B9466 = {
			isa = PBXGroup;
			children = (
				D772586123591A43003B9466 /* Challenge3 */,
				D772587823591A45003B9466 /* Challenge3Tests */,
				D772588323591A45003B9466 /* Challenge3UITests */,
				D772586023591A43003B9466 /* Products */,
			);
			sourceTree = "<group>";
		};
		D772586023591A43003B9466 /* Products */ = {
			isa = PBXGroup;
			children = (
				D772585F23591A43003B9466 /* Challenge3.app */,
				D772587523591A45003B9466 /* Challenge3Tests.xctest */,
				D772588023591A45003B9466 /* Challenge3UITests.xctest */,
			);
			name = Products;
			sourceTree = "<group>";
		};
		D772586123591A43003B9466 /* Challenge3 */ = {
			isa = PBXGroup;
			children = (
				D772586223591A43003B9466 /* AppDelegate.swift */,
				D772586423591A43003B9466 /* SceneDelegate.swift */,
				D772586623591A43003B9466 /* ViewController.swift */,
				D772586823591A43003B9466 /* Main.storyboard */,
				D772586B23591A45003B9466 /* Assets.xcassets */,
				D772586D23591A45003B9466 /* LaunchScreen.storyboard */,
				D772587023591A45003B9466 /* Info.plist */,
				D772589223592C9D003B9466 /* DescriptionViewController.swift */,
			);
			path = Challenge3;
			sourceTree = "<group>";
		};
		D772587823591A45003B9466 /* Challenge3Tests */ = {
			isa = PBXGroup;
			children = (
				D772587923591A45003B9466 /* Challenge3Tests.swift */,
				D772587B23591A45003B9466 /* Info.plist */,
			);
			path = Challenge3Tests;
			sourceTree = "<group>";
		};
		D772588323591A45003B9466 /* Challenge3UITests */ = {
			isa = PBXGroup;
			children = (
				D772588423591A45003B9466 /* Challenge3UITests.swift */,
				D772588623591A45003B9466 /* Info.plist */,
			);
			path = Challenge3UITests;
			sourceTree = "<group>";
		};
/* End PBXGroup section */

/* Begin PBXNativeTarget section */
		D772585E23591A43003B9466 /* Challenge3 */ = {
			isa = PBXNativeTarget;
			buildConfigurationList = D772588923591A45003B9466 /* Build configuration list for PBXNativeTarget "Challenge3" */;
			buildPhases = (
				D772585B23591A43003B9466 /* Sources */,
				D772585C23591A43003B9466 /* Frameworks */,
				D772585D23591A43003B9466 /* Resources */,
			);
			buildRules = (
			);
			dependencies = (
			);
			name = Challenge3;
			productName = Challenge3;
			productReference = D772585F23591A43003B9466 /* Challenge3.app */;
			productType = "com.apple.product-type.application";
		};
		D772587423591A45003B9466 /* Challenge3Tests */ = {
			isa = PBXNativeTarget;
			buildConfigurationList = D772588C23591A45003B9466 /* Build configuration list for PBXNativeTarget "Challenge3Tests" */;
			buildPhases = (
				D772587123591A45003B9466 /* Sources */,
				D772587223591A45003B9466 /* Frameworks */,
				D772587323591A45003B9466 /* Resources */,
			);
			buildRules = (
			);
			dependencies = (
				D772587723591A45003B9466 /* PBXTargetDependency */,
			);
			name = Challenge3Tests;
			productName = Challenge3Tests;
			productReference = D772587523591A45003B9466 /* Challenge3Tests.xctest */;
			productType = "com.apple.product-type.bundle.unit-test";
		};
		D772587F23591A45003B9466 /* Challenge3UITests */ = {
			isa = PBXNativeTarget;
			buildConfigurationList = D772588F23591A45003B9466 /* Build configuration list for PBXNativeTarget "Challenge3UITests" */;
			buildPhases = (
				D772587C23591A45003B9466 /* Sources */,
				D772587D23591A45003B9466 /* Frameworks */,
				D772587E23591A45003B9466 /* Resources */,
			);
			buildRules = (
			);
			dependencies = (
				D772588223591A45003B9466 /* PBXTargetDependency */,
			);
			name = Challenge3UITests;
			productName = Challenge3UITests;
			productReference = D772588023591A45003B9466 /* Challenge3UITests.xctest */;
			productType = "com.apple.product-type.bundle.ui-testing";
		};
/* End PBXNativeTarget section */

/* Begin PBXProject section */
		D772585723591A43003B9466 /* Project object */ = {
			isa = PBXProject;
			attributes = {
				LastSwiftUpdateCheck = 1110;
				LastUpgradeCheck = 1110;
				ORGANIZATIONNAME = "Renoy Chowdhury";
				TargetAttributes = {
					D772585E23591A43003B9466 = {
						CreatedOnToolsVersion = 11.1;
					};
					D772587423591A45003B9466 = {
						CreatedOnToolsVersion = 11.1;
						TestTargetID = D772585E23591A43003B9466;
					};
					D772587F23591A45003B9466 = {
						CreatedOnToolsVersion = 11.1;
						TestTargetID = D772585E23591A43003B9466;
					};
				};
			};
			buildConfigurationList = D772585A23591A43003B9466 /* Build configuration list for PBXProject "Challenge3" */;
			compatibilityVersion = "Xcode 9.3";
			developmentRegion = en;
			hasScannedForEncodings = 0;
			knownRegions = (
				en,
				Base,
			);
			mainGroup = D772585623591A43003B9466;
			productRefGroup = D772586023591A43003B9466 /* Products */;
			projectDirPath = "";
			projectRoot = "";
			targets = (
				D772585E23591A43003B9466 /* Challenge3 */,
				D772587423591A45003B9466 /* Challenge3Tests */,
				D772587F23591A45003B9466 /* Challenge3UITests */,
			);
		};
/* End PBXProject section */

/* Begin PBXResourcesBuildPhase section */
		D772585D23591A43003B9466 /* Resources */ = {
			isa = PBXResourcesBuildPhase;
			buildActionMask = 2147483647;
			files = (
				D772586F23591A45003B9466 /* LaunchScreen.storyboard in Resources */,
				D772586C23591A45003B9466 /* Assets.xcassets in Resources */,
				D772586A23591A43003B9466 /* Main.storyboard in Resources */,
			);
			runOnlyForDeploymentPostprocessing = 0;
		};
		D772587323591A45003B9466 /* Resources */ = {
			isa = PBXResourcesBuildPhase;
			buildActionMask = 2147483647;
			files = (
			);
			runOnlyForDeploymentPostprocessing = 0;
		};
		D772587E23591A45003B9466 /* Resources */ = {
			isa = PBXResourcesBuildPhase;
			buildActionMask = 2147483647;
			files = (
			);
			runOnlyForDeploymentPostprocessing = 0;
		};
/* End PBXResourcesBuildPhase section */

/* Begin PBXSourcesBuildPhase section */
		D772585B23591A43003B9466 /* Sources */ = {
			isa = PBXSourcesBuildPhase;
			buildActionMask = 2147483647;
			files = (
				D772586723591A43003B9466 /* ViewController.swift in Sources */,
				D772589323592C9D003B9466 /* DescriptionViewController.swift in Sources */,
				D772586323591A43003B9466 /* AppDelegate.swift in Sources */,
				D772586523591A43003B9466 /* SceneDelegate.swift in Sources */,
			);
			runOnlyForDeploymentPostprocessing = 0;
		};
		D772587123591A45003B9466 /* Sources */ = {
			isa = PBXSourcesBuildPhase;
			buildActionMask = 2147483647;
			files = (
				D772587A23591A45003B9466 /* Challenge3Tests.swift in Sources */,
			);
			runOnlyForDeploymentPostprocessing = 0;
		};
		D772587C23591A45003B9466 /* Sources */ = {
			isa = PBXSourcesBuildPhase;
			buildActionMask = 2147483647;
			files = (
				D772588523591A45003B9466 /* Challenge3UITests.swift in Sources */,
			);
			runOnlyForDeploymentPostprocessing = 0;
		};
/* End PBXSourcesBuildPhase section */

/* Begin PBXTargetDependency section */
		D772587723591A45003B9466 /* PBXTargetDependency */ = {
			isa = PBXTargetDependency;
			target = D772585E23591A43003B9466 /* Challenge3 */;
			targetProxy = D772587623591A45003B9466 /* PBXContainerItemProxy */;
		};
		D772588223591A45003B9466 /* PBXTargetDependency */ = {
			isa = PBXTargetDependency;
			target = D772585E23591A43003B9466 /* Challenge3 */;
			targetProxy = D772588123591A45003B9466 /* PBXContainerItemProxy */;
		};
/* End PBXTargetDependency section */

/* Begin PBXVariantGroup section */
		D772586823591A43003B9466 /* Main.storyboard */ = {
			isa = PBXVariantGroup;
			children = (
				D772586923591A43003B9466 /* Base */,
			);
			name = Main.storyboard;
			sourceTree = "<group>";
		};
		D772586D23591A45003B9466 /* LaunchScreen.storyboard */ = {
			isa = PBXVariantGroup;
			children = (
				D772586E23591A45003B9466 /* Base */,
			);
			name = LaunchScreen.storyboard;
			sourceTree = "<group>";
		};
/* End PBXVariantGroup section */

/* Begin XCBuildConfiguration section */
		D772588723591A45003B9466 /* Debug */ = {
			isa = XCBuildConfiguration;
			buildSettings = {
				ALWAYS_SEARCH_USER_PATHS = NO;
				CLANG_ANALYZER_NONNULL = YES;
				CLANG_ANALYZER_NUMBER_OBJECT_CONVERSION = YES_AGGRESSIVE;
				CLANG_CXX_LANGUAGE_STANDARD = "gnu++14";
				CLANG_CXX_LIBRARY = "libc++";
				CLANG_ENABLE_MODULES = YES;
				CLANG_ENABLE_OBJC_ARC = YES;
				CLANG_ENABLE_OBJC_WEAK = YES;
				CLANG_WARN_BLOCK_CAPTURE_AUTORELEASING = YES;
				CLANG_WARN_BOOL_CONVERSION = YES;
				CLANG_WARN_COMMA = YES;
				CLANG_WARN_CONSTANT_CONVERSION = YES;
				CLANG_WARN_DEPRECATED_OBJC_IMPLEMENTATIONS = YES;
				CLANG_WARN_DIRECT_OBJC_ISA_USAGE = YES_ERROR;
				CLANG_WARN_DOCUMENTATION_COMMENTS = YES;
				CLANG_WARN_EMPTY_BODY = YES;
				CLANG_WARN_ENUM_CONVERSION = YES;
				CLANG_WARN_INFINITE_RECURSION = YES;
				CLANG_WARN_INT_CONVERSION = YES;
				CLANG_WARN_NON_LITERAL_NULL_CONVERSION = YES;
				CLANG_WARN_OBJC_IMPLICIT_RETAIN_SELF = YES;
				CLANG_WARN_OBJC_LITERAL_CONVERSION = YES;
				CLANG_WARN_OBJC_ROOT_CLASS = YES_ERROR;
				CLANG_WARN_RANGE_LOOP_ANALYSIS = YES;
				CLANG_WARN_STRICT_PROTOTYPES = YES;
				CLANG_WARN_SUSPICIOUS_MOVE = YES;
				CLANG_WARN_UNGUARDED_AVAILABILITY = YES_AGGRESSIVE;
				CLANG_WARN_UNREACHABLE_CODE = YES;
				CLANG_WARN__DUPLICATE_METHOD_MATCH = YES;
				COPY_PHASE_STRIP = NO;
				DEBUG_INFORMATION_FORMAT = dwarf;
				ENABLE_STRICT_OBJC_MSGSEND = YES;
				ENABLE_TESTABILITY = YES;
				GCC_C_LANGUAGE_STANDARD = gnu11;
				GCC_DYNAMIC_NO_PIC = NO;
				GCC_NO_COMMON_BLOCKS = YES;
				GCC_OPTIMIZATION_LEVEL = 0;
				GCC_PREPROCESSOR_DEFINITIONS = (
					"DEBUG=1",
					"$(inherited)",
				);
				GCC_WARN_64_TO_32_BIT_CONVERSION = YES;
				GCC_WARN_ABOUT_RETURN_TYPE = YES_ERROR;
				GCC_WARN_UNDECLARED_SELECTOR = YES;
				GCC_WARN_UNINITIALIZED_AUTOS = YES_AGGRESSIVE;
				GCC_WARN_UNUSED_FUNCTION = YES;
				GCC_WARN_UNUSED_VARIABLE = YES;
				IPHONEOS_DEPLOYMENT_TARGET = 13.1;
				MTL_ENABLE_DEBUG_INFO = INCLUDE_SOURCE;
				MTL_FAST_MATH = YES;
				ONLY_ACTIVE_ARCH = YES;
				SDKROOT = iphoneos;
				SWIFT_ACTIVE_COMPILATION_CONDITIONS = DEBUG;
				SWIFT_OPTIMIZATION_LEVEL = "-Onone";
			};
			name = Debug;
		};
		D772588823591A45003B9466 /* Release */ = {
			isa = XCBuildConfiguration;
			buildSettings = {
				ALWAYS_SEARCH_USER_PATHS = NO;
				CLANG_ANALYZER_NONNULL = YES;
				CLANG_ANALYZER_NUMBER_OBJECT_CONVERSION = YES_AGGRESSIVE;
				CLANG_CXX_LANGUAGE_STANDARD = "gnu++14";
				CLANG_CXX_LIBRARY = "libc++";
				CLANG_ENABLE_MODULES = YES;
				CLANG_ENABLE_OBJC_ARC = YES;
				CLANG_ENABLE_OBJC_WEAK = YES;
				CLANG_WARN_BLOCK_CAPTURE_AUTORELEASING = YES;
				CLANG_WARN_BOOL_CONVERSION = YES;
				CLANG_WARN_COMMA = YES;
				CLANG_WARN_CONSTANT_CONVERSION = YES;
				CLANG_WARN_DEPRECATED_OBJC_IMPLEMENTATIONS = YES;
				CLANG_WARN_DIRECT_OBJC_ISA_USAGE = YES_ERROR;
				CLANG_WARN_DOCUMENTATION_COMMENTS = YES;
				CLANG_WARN_EMPTY_BODY = YES;
				CLANG_WARN_ENUM_CONVERSION = YES;
				CLANG_WARN_INFINITE_RECURSION = YES;
				CLANG_WARN_INT_CONVERSION = YES;
				CLANG_WARN_NON_LITERAL_NULL_CONVERSION = YES;
				CLANG_WARN_OBJC_IMPLICIT_RETAIN_SELF = YES;
				CLANG_WARN_OBJC_LITERAL_CONVERSION = YES;
				CLANG_WARN_OBJC_ROOT_CLASS = YES_ERROR;
				CLANG_WARN_RANGE_LOOP_ANALYSIS = YES;
				CLANG_WARN_STRICT_PROTOTYPES = YES;
				CLANG_WARN_SUSPICIOUS_MOVE = YES;
				CLANG_WARN_UNGUARDED_AVAILABILITY = YES_AGGRESSIVE;
				CLANG_WARN_UNREACHABLE_CODE = YES;
				CLANG_WARN__DUPLICATE_METHOD_MATCH = YES;
				COPY_PHASE_STRIP = NO;
				DEBUG_INFORMATION_FORMAT = "dwarf-with-dsym";
				ENABLE_NS_ASSERTIONS = NO;
				ENABLE_STRICT_OBJC_MSGSEND = YES;
				GCC_C_LANGUAGE_STANDARD = gnu11;
				GCC_NO_COMMON_BLOCKS = YES;
				GCC_WARN_64_TO_32_BIT_CONVERSION = YES;
				GCC_WARN_ABOUT_RETURN_TYPE = YES_ERROR;
				GCC_WARN_UNDECLARED_SELECTOR = YES;
				GCC_WARN_UNINITIALIZED_AUTOS = YES_AGGRESSIVE;
				GCC_WARN_UNUSED_FUNCTION = YES;
				GCC_WARN_UNUSED_VARIABLE = YES;
				IPHONEOS_DEPLOYMENT_TARGET = 13.1;
				MTL_ENABLE_DEBUG_INFO = NO;
				MTL_FAST_MATH = YES;
				SDKROOT = iphoneos;
				SWIFT_COMPILATION_MODE = wholemodule;
				SWIFT_OPTIMIZATION_LEVEL = "-O";
				VALIDATE_PRODUCT = YES;
			};
			name = Release;
		};
		D772588A23591A45003B9466 /* Debug */ = {
			isa = XCBuildConfiguration;
			buildSettings = {
				ASSETCATALOG_COMPILER_APPICON_NAME = AppIcon;
				CODE_SIGN_STYLE = Automatic;
				DEVELOPMENT_TEAM = K87CQB5KVW;
				INFOPLIST_FILE = Challenge3/Info.plist;
				LD_RUNPATH_SEARCH_PATHS = (
					"$(inherited)",
					"@executable_path/Frameworks",
				);
				PRODUCT_BUNDLE_IDENTIFIER = com.Renoy.Challenge3;
				PRODUCT_NAME = "$(TARGET_NAME)";
				SWIFT_VERSION = 5.0;
				TARGETED_DEVICE_FAMILY = "1,2";
			};
			name = Debug;
		};
		D772588B23591A45003B9466 /* Release */ = {
			isa = XCBuildConfiguration;
			buildSettings = {
				ASSETCATALOG_COMPILER_APPICON_NAME = AppIcon;
				CODE_SIGN_STYLE = Automatic;
				DEVELOPMENT_TEAM = K87CQB5KVW;
				INFOPLIST_FILE = Challenge3/Info.plist;
				LD_RUNPATH_SEARCH_PATHS = (
					"$(inherited)",
					"@executable_path/Frameworks",
				);
				PRODUCT_BUNDLE_IDENTIFIER = com.Renoy.Challenge3;
				PRODUCT_NAME = "$(TARGET_NAME)";
				SWIFT_VERSION = 5.0;
				TARGETED_DEVICE_FAMILY = "1,2";
			};
			name = Release;
		};
		D772588D23591A45003B9466 /* Debug */ = {
			isa = XCBuildConfiguration;
			buildSettings = {
				ALWAYS_EMBED_SWIFT_STANDARD_LIBRARIES = YES;
				BUNDLE_LOADER = "$(TEST_HOST)";
				CODE_SIGN_STYLE = Automatic;
				INFOPLIST_FILE = Challenge3Tests/Info.plist;
				IPHONEOS_DEPLOYMENT_TARGET = 13.1;
				LD_RUNPATH_SEARCH_PATHS = (
					"$(inherited)",
					"@executable_path/Frameworks",
					"@loader_path/Frameworks",
				);
				PRODUCT_BUNDLE_IDENTIFIER = com.Renoy.Challenge3Tests;
				PRODUCT_NAME = "$(TARGET_NAME)";
				SWIFT_VERSION = 5.0;
				TARGETED_DEVICE_FAMILY = "1,2";
				TEST_HOST = "$(BUILT_PRODUCTS_DIR)/Challenge3.app/Challenge3";
			};
			name = Debug;
		};
		D772588E23591A45003B9466 /* Release */ = {
			isa = XCBuildConfiguration;
			buildSettings = {
				ALWAYS_EMBED_SWIFT_STANDARD_LIBRARIES = YES;
				BUNDLE_LOADER = "$(TEST_HOST)";
				CODE_SIGN_STYLE = Automatic;
				INFOPLIST_FILE = Challenge3Tests/Info.plist;
				IPHONEOS_DEPLOYMENT_TARGET = 13.1;
				LD_RUNPATH_SEARCH_PATHS = (
					"$(inherited)",
					"@executable_path/Frameworks",
					"@loader_path/Frameworks",
				);
				PRODUCT_BUNDLE_IDENTIFIER = com.Renoy.Challenge3Tests;
				PRODUCT_NAME = "$(TARGET_NAME)";
				SWIFT_VERSION = 5.0;
				TARGETED_DEVICE_FAMILY = "1,2";
				TEST_HOST = "$(BUILT_PRODUCTS_DIR)/Challenge3.app/Challenge3";
			};
			name = Release;
		};
		D772589023591A45003B9466 /* Debug */ = {
			isa = XCBuildConfiguration;
			buildSettings = {
				ALWAYS_EMBED_SWIFT_STANDARD_LIBRARIES = YES;
				CODE_SIGN_STYLE = Automatic;
				INFOPLIST_FILE = Challenge3UITests/Info.plist;
				LD_RUNPATH_SEARCH_PATHS = (
					"$(inherited)",
					"@executable_path/Frameworks",
					"@loader_path/Frameworks",
				);
				PRODUCT_BUNDLE_IDENTIFIER = com.Renoy.Challenge3UITests;
				PRODUCT_NAME = "$(TARGET_NAME)";
				SWIFT_VERSION = 5.0;
				TARGETED_DEVICE_FAMILY = "1,2";
				TEST_TARGET_NAME = Challenge3;
			};
			name = Debug;
		};
		D772589123591A45003B9466 /* Release */ = {
			isa = XCBuildConfiguration;
			buildSettings = {
				ALWAYS_EMBED_SWIFT_STANDARD_LIBRARIES = YES;
				CODE_SIGN_STYLE = Automatic;
				INFOPLIST_FILE = Challenge3UITests/Info.plist;
				LD_RUNPATH_SEARCH_PATHS = (
					"$(inherited)",
					"@executable_path/Frameworks",
					"@loader_path/Frameworks",
				);
				PRODUCT_BUNDLE_IDENTIFIER = com.Renoy.Challenge3UITests;
				PRODUCT_NAME = "$(TARGET_NAME)";
				SWIFT_VERSION = 5.0;
				TARGETED_DEVICE_FAMILY = "1,2";
				TEST_TARGET_NAME = Challenge3;
			};
			name = Release;
		};
/* End XCBuildConfiguration section */

/* Begin XCConfigurationList section */
		D772585A23591A43003B9466 /* Build configuration list for PBXProject "Challenge3" */ = {
			isa = XCConfigurationList;
			buildConfigurations = (
				D772588723591A45003B9466 /* Debug */,
				D772588823591A45003B9466 /* Release */,
			);
			defaultConfigurationIsVisible = 0;
			defaultConfigurationName = Release;
		};
		D772588923591A45003B9466 /* Build configuration list for PBXNativeTarget "Challenge3" */ = {
			isa = XCConfigurationList;
			buildConfigurations = (
				D772588A23591A45003B9466 /* Debug */,
				D772588B23591A45003B9466 /* Release */,
			);
			defaultConfigurationIsVisible = 0;
			defaultConfigurationName = Release;
		};
		D772588C23591A45003B9466 /* Build configuration list for PBXNativeTarget "Challenge3Tests" */ = {
			isa = XCConfigurationList;
			buildConfigurations = (
				D772588D23591A45003B9466 /* Debug */,
				D772588E23591A45003B9466 /* Release */,
			);
			defaultConfigurationIsVisible = 0;
			defaultConfigurationName = Release;
		};
		D772588F23591A45003B9466 /* Build configuration list for PBXNativeTarget "Challenge3UITests" */ = {
			isa = XCConfigurationList;
			buildConfigurations = (
				D772589023591A45003B9466 /* Debug */,
				D772589123591A45003B9466 /* Release */,
			);
			defaultConfigurationIsVisible = 0;
			defaultConfigurationName = Release;
		};
/* End XCConfigurationList section */
	};
	rootObject = D772585723591A43003B9466 /* Project object */;
}
